PODS:
  - Flutter (1.0.0)
  - flutter_sound (8.1.1):
    - Flutter
    - mobile-ffmpeg-full (= 4.4.LTS)
    - tau_core (= 8.1.1)
  - mobile-ffmpeg-full (4.4.LTS)
  - path_provider (0.0.1):
    - Flutter
  - tau_core (8.1.1)

DEPENDENCIES:
  - Flutter (from `Flutter`)
  - flutter_sound (from `.symlinks/plugins/flutter_sound/ios`)
  - path_provider (from `.symlinks/plugins/path_provider/ios`)

SPEC REPOS:
  trunk:
    - mobile-ffmpeg-full
    - tau_core

EXTERNAL SOURCES:
  Flutter:
    :path: Flutter
  flutter_sound:
    :path: ".symlinks/plugins/flutter_sound/ios"
  path_provider:
    :path: ".symlinks/plugins/path_provider/ios"

SPEC CHECKSUMS:
  Flutter: 434fef37c0980e73bb6479ef766c45957d4b510c
  flutter_sound: 1f8dd164cf3ce3f09b148aa2f39c2199e33b879c
  mobile-ffmpeg-full: f17c82219b4ff9e4018b5e21f88b78c28a3475db
  path_provider: abfe2b5c733d04e238b0d8691db0cfd63a27a93c
  tau_core: e979fffbc94fae483c585b7ee10c157863f00a2e

PODFILE CHECKSUM: fe0e1ee7f3d1f7d00b11b474b62dd62134535aea

COCOAPODS: 1.10.1
